# THIS IS AN AUTOGENERATED FILE. DO NOT EDIT THIS FILE DIRECTLY.
# yarn lockfile v1


lambda-edge-response@^0.0.3:
  version "0.0.3"
  resolved "https://registry.yarnpkg.com/lambda-edge-response/-/lambda-edge-response-0.0.3.tgz#e23b65c9a3f984c4c1590034f670052a261b2b59"
  integrity sha512-1rggpyOvF/uXCL6oyGC8Y+7WNZF66vdzX18PoyWnofgRyYwdqnXMg7QR53R2pjkmefPNS18JiUSwta11SwkSsg==

moromi-aws-lambda@^0.0.2:
  version "0.0.2"
  resolved "https://registry.yarnpkg.com/moromi-aws-lambda/-/moromi-aws-lambda-0.0.2.tgz#7a461bc4a4fcf108ae25980c1063a6ffd73a247a"
  integrity sha512-vbxo4/ZVxut6U5DhrVTJDEGog2os5kG3AVCNzgTvqNiJ+rVAzwzhXv1vOW8xy6FO9MbOZvReO0W2bmNTrtHSCw==
